
Microsoft Visual Studio Solution File, Format Version 12.00
# Visual Studio Version 17
VisualStudioVersion = 17.8.34511.84
MinimumVisualStudioVersion = 10.0.40219.1
Project("{FAE04EC0-301F-11D3-BF4B-00C04F79EFBC}") = "clicknextapi", "clicknextapi.csproj", "{FEBE77D1-2E8D-4D35-A308-22DDD8143E44}"
EndProject
Global
	GlobalSection(SolutionConfigurationPlatforms) = preSolution
		Debug|Any CPU = Debug|Any CPU
		Release|Any CPU = Release|Any CPU
	EndGlobalSection
	GlobalSection(ProjectConfigurationPlatforms) = postSolution
		{FEBE77D1-2E8D-4D35-A308-22DDD8143E44}.Debug|Any CPU.ActiveCfg = Debug|Any CPU
		{FEBE77D1-2E8D-4D35-A308-22DDD8143E44}.Debug|Any CPU.Build.0 = Debug|Any CPU
		{FEBE77D1-2E8D-4D35-A308-22DDD8143E44}.Release|Any CPU.ActiveCfg = Release|Any CPU
		{FEBE77D1-2E8D-4D35-A308-22DDD8143E44}.Release|Any CPU.Build.0 = Release|Any CPU
	EndGlobalSection
	GlobalSection(SolutionProperties) = preSolution
		HideSolutionNode = FALSE
	EndGlobalSection
	GlobalSection(ExtensibilityGlobals) = postSolution
		SolutionGuid = {F091C315-6FC9-4B40-8433-80C92615EFED}
	EndGlobalSection
EndGlobal
